
Microsoft Visual Studio Solution File, Format Version 12.00
# Visual Studio Version 16
VisualStudioVersion = 16.0.31019.35
MinimumVisualStudioVersion = 10.0.40219.1
Project("{FAE04EC0-301F-11D3-BF4B-00C04F79EFBC}") = "JenkinsTest3", "JenkinsTest3\JenkinsTest3.csproj", "{AF0ACE32-354C-49FF-910F-F6371FD31118}"
EndProject
Global
	GlobalSection(SolutionConfigurationPlatforms) = preSolution
		Debug|Any CPU = Debug|Any CPU
		Release|Any CPU = Release|Any CPU
	EndGlobalSection
	GlobalSection(ProjectConfigurationPlatforms) = postSolution
		{AF0ACE32-354C-49FF-910F-F6371FD31118}.Debug|Any CPU.ActiveCfg = Debug|Any CPU
		{AF0ACE32-354C-49FF-910F-F6371FD31118}.Debug|Any CPU.Build.0 = Debug|Any CPU
		{AF0ACE32-354C-49FF-910F-F6371FD31118}.Release|Any CPU.ActiveCfg = Release|Any CPU
		{AF0ACE32-354C-49FF-910F-F6371FD31118}.Release|Any CPU.Build.0 = Release|Any CPU
	EndGlobalSection
	GlobalSection(SolutionProperties) = preSolution
		HideSolutionNode = FALSE
	EndGlobalSection
	GlobalSection(ExtensibilityGlobals) = postSolution
		SolutionGuid = {67BEFD63-3C95-4035-AC31-EDBDFEDC7E28}
	EndGlobalSection
EndGlobal
